{
  "name": "@zhouhaha/exec",
  "version": "1.0.0",
  "lockfileVersion": 2,
  "requires": true,
  "packages": {
    "": {
      "name": "@zhouhaha/exec",
      "version": "0.0.10",
      "license": "ISC",
      "dependencies": {
        "@zhouhaha/log": "file:../../utils/log",
        "@zhouhaha/package": "file:../../models/package"
      }
    },
    "../../models/package": {
      "name": "@zhouhaha/package",
      "version": "0.0.10",
      "license": "ISC"
    },
    "../../util/log": {
      "extraneous": true
    },
    "../../utils/log": {
      "name": "log",
      "version": "0.0.10",
      "license": "ISC",
      "dependencies": {
        "npmlog": "^5.0.1"
      }
    },
    "node_modules/@zhouhaha/log": {
      "resolved": "../../utils/log",
      "link": true
    },
    "node_modules/@zhouhaha/package": {
      "resolved": "../../models/package",
      "link": true
    }
  },
  "dependencies": {
    "@zhouhaha/log": {
      "version": "file:../../utils/log",
      "requires": {
        "npmlog": "^5.0.1"
      }
    },
    "@zhouhaha/package": {
      "version": "file:../../models/package"
    }
  }
}
